
Microsoft Visual Studio Solution File, Format Version 12.00
# Visual Studio Version 17
VisualStudioVersion = 17.14.37614.0 d17.14
MinimumVisualStudioVersion = 10.0.40219.1
Project("{FAE04EC0-301F-11D3-BF4B-00C04F79EFBC}") = "ProductManager", "ProductManager\ProductManager.csproj", "{59960794-0BEF-4509-AB46-0608E85A6BDA}"
EndProject
Global
	GlobalSection(SolutionConfigurationPlatforms) = preSolution
		Debug|Any CPU = Debug|Any CPU
		Release|Any CPU = Release|Any CPU
	EndGlobalSection
	GlobalSection(ProjectConfigurationPlatforms) = postSolution
		{59960794-0BEF-4509-AB46-0608E85A6BDA}.Debug|Any CPU.ActiveCfg = Debug|Any CPU
		{59960794-0BEF-4509-AB46-0608E85A6BDA}.Debug|Any CPU.Build.0 = Debug|Any CPU
		{59960794-0BEF-4509-AB46-0608E85A6BDA}.Release|Any CPU.ActiveCfg = Release|Any CPU
		{59960794-0BEF-4509-AB46-0608E85A6BDA}.Release|Any CPU.Build.0 = Release|Any CPU
	EndGlobalSection
	GlobalSection(SolutionProperties) = preSolution
		HideSolutionNode = FALSE
	EndGlobalSection
	GlobalSection(ExtensibilityGlobals) = postSolution
		SolutionGuid = {5FE0866D-9655-4870-8ED3-E6DE1AE77D4C}
	EndGlobalSection
EndGlobal
